// !$*UTF8*$!
{
	archiveVersion = 1;
	classes = {
	};
	objectVersion = 55;
	objects = {

/* Begin PBXBuildFile section */
		1A407C7427B8247800656559 /* LoginViewController.swift in Sources */ = {isa = PBXBuildFile; fileRef = 1A407C7327B8247800656559 /* LoginViewController.swift */; };
		1A407C7627B824AC00656559 /* LoginViewController.storyboard in Resources */ = {isa = PBXBuildFile; fileRef = 1A407C7527B824AC00656559 /* LoginViewController.storyboard */; };
		1A8C953A27BBC14E0016AD4F /* Extensions.swift in Sources */ = {isa = PBXBuildFile; fileRef = 1A8C953927BBC14E0016AD4F /* Extensions.swift */; };
		1AE81A2827BABCE300756476 /* DetailViewController.swift in Sources */ = {isa = PBXBuildFile; fileRef = 1AE81A2727BABCE300756476 /* DetailViewController.swift */; };
		1AE81A2A27BABCF400756476 /* DetailViewController.storyboard in Resources */ = {isa = PBXBuildFile; fileRef = 1AE81A2927BABCF400756476 /* DetailViewController.storyboard */; };
		1AFC774527B6CEFA00475B96 /* AppDelegate.swift in Sources */ = {isa = PBXBuildFile; fileRef = 1AFC774427B6CEFA00475B96 /* AppDelegate.swift */; };
		1AFC774727B6CEFA00475B96 /* SceneDelegate.swift in Sources */ = {isa = PBXBuildFile; fileRef = 1AFC774627B6CEFA00475B96 /* SceneDelegate.swift */; };
		1AFC774E27B6CEFC00475B96 /* Assets.xcassets in Resources */ = {isa = PBXBuildFile; fileRef = 1AFC774D27B6CEFC00475B96 /* Assets.xcassets */; };
		1AFC775127B6CEFC00475B96 /* LaunchScreen.storyboard in Resources */ = {isa = PBXBuildFile; fileRef = 1AFC774F27B6CEFC00475B96 /* LaunchScreen.storyboard */; };
		1AFC775B27B6D36E00475B96 /* ListViewController.swift in Sources */ = {isa = PBXBuildFile; fileRef = 1AFC775A27B6D36E00475B96 /* ListViewController.swift */; };
		1AFC775D27B6D66900475B96 /* ListViewController.storyboard in Resources */ = {isa = PBXBuildFile; fileRef = 1AFC775C27B6D66900475B96 /* ListViewController.storyboard */; };
		1AFC775F27B6E22100475B96 /* ListCellTableViewCell.swift in Sources */ = {isa = PBXBuildFile; fileRef = 1AFC775E27B6E22100475B96 /* ListCellTableViewCell.swift */; };
		1AFC776127B6E47200475B96 /* CharactersModel.swift in Sources */ = {isa = PBXBuildFile; fileRef = 1AFC776027B6E47200475B96 /* CharactersModel.swift */; };
/* End PBXBuildFile section */

/* Begin PBXFileReference section */
		1A407C7327B8247800656559 /* LoginViewController.swift */ = {isa = PBXFileReference; lastKnownFileType = sourcecode.swift; path = LoginViewController.swift; sourceTree = "<group>"; };
		1A407C7527B824AC00656559 /* LoginViewController.storyboard */ = {isa = PBXFileReference; lastKnownFileType = file.storyboard; path = LoginViewController.storyboard; sourceTree = "<group>"; };
		1A8C953927BBC14E0016AD4F /* Extensions.swift */ = {isa = PBXFileReference; lastKnownFileType = sourcecode.swift; path = Extensions.swift; sourceTree = "<group>"; };
		1AE81A2727BABCE300756476 /* DetailViewController.swift */ = {isa = PBXFileReference; lastKnownFileType = sourcecode.swift; path = DetailViewController.swift; sourceTree = "<group>"; };
		1AE81A2927BABCF400756476 /* DetailViewController.storyboard */ = {isa = PBXFileReference; lastKnownFileType = file.storyboard; path = DetailViewController.storyboard; sourceTree = "<group>"; };
		1AFC774127B6CEFA00475B96 /* Project1.app */ = {isa = PBXFileReference; explicitFileType = wrapper.application; includeInIndex = 0; path = Project1.app; sourceTree = BUILT_PRODUCTS_DIR; };
		1AFC774427B6CEFA00475B96 /* AppDelegate.swift */ = {isa = PBXFileReference; lastKnownFileType = sourcecode.swift; path = AppDelegate.swift; sourceTree = "<group>"; };
		1AFC774627B6CEFA00475B96 /* SceneDelegate.swift */ = {isa = PBXFileReference; lastKnownFileType = sourcecode.swift; path = SceneDelegate.swift; sourceTree = "<group>"; };
		1AFC774D27B6CEFC00475B96 /* Assets.xcassets */ = {isa = PBXFileReference; lastKnownFileType = folder.assetcatalog; path = Assets.xcassets; sourceTree = "<group>"; };
		1AFC775027B6CEFC00475B96 /* Base */ = {isa = PBXFileReference; lastKnownFileType = file.storyboard; name = Base; path = Base.lproj/LaunchScreen.storyboard; sourceTree = "<group>"; };
		1AFC775227B6CEFC00475B96 /* Info.plist */ = {isa = PBXFileReference; lastKnownFileType = text.plist.xml; path = Info.plist; sourceTree = "<group>"; };
		1AFC775A27B6D36E00475B96 /* ListViewController.swift */ = {isa = PBXFileReference; lastKnownFileType = sourcecode.swift; path = ListViewController.swift; sourceTree = "<group>"; };
		1AFC775C27B6D66900475B96 /* ListViewController.storyboard */ = {isa = PBXFileReference; lastKnownFileType = file.storyboard; path = ListViewController.storyboard; sourceTree = "<group>"; };
		1AFC775E27B6E22100475B96 /* ListCellTableViewCell.swift */ = {isa = PBXFileReference; lastKnownFileType = sourcecode.swift; path = ListCellTableViewCell.swift; sourceTree = "<group>"; };
		1AFC776027B6E47200475B96 /* CharactersModel.swift */ = {isa = PBXFileReference; lastKnownFileType = sourcecode.swift; path = CharactersModel.swift; sourceTree = "<group>"; };
/* End PBXFileReference section */

/* Begin PBXFrameworksBuildPhase section */
		1AFC773E27B6CEFA00475B96 /* Frameworks */ = {
			isa = PBXFrameworksBuildPhase;
			buildActionMask = 2147483647;
			files = (
			);
			runOnlyForDeploymentPostprocessing = 0;
		};
/* End PBXFrameworksBuildPhase section */

/* Begin PBXGroup section */
		1A407C6A27B823C000656559 /* Screens */ = {
			isa = PBXGroup;
			children = (
				1AE81A2427BABCC600756476 /* Detail */,
				1A407C7027B8243800656559 /* Login */,
				1A407C6B27B823D200656559 /* List */,
			);
			path = Screens;
			sourceTree = "<group>";
		};
		1A407C6B27B823D200656559 /* List */ = {
			isa = PBXGroup;
			children = (
				1A407C6E27B8241200656559 /* Model */,
				1A407C6D27B8240400656559 /* ViewControllers */,
				1A407C6C27B823F000656559 /* View */,
			);
			path = List;
			sourceTree = "<group>";
		};
		1A407C6C27B823F000656559 /* View */ = {
			isa = PBXGroup;
			children = (
				1AFC775C27B6D66900475B96 /* ListViewController.storyboard */,
			);
			path = View;
			sourceTree = "<group>";
		};
		1A407C6D27B8240400656559 /* ViewControllers */ = {
			isa = PBXGroup;
			children = (
				1AFC775A27B6D36E00475B96 /* ListViewController.swift */,
				1AFC775E27B6E22100475B96 /* ListCellTableViewCell.swift */,
			);
			path = ViewControllers;
			sourceTree = "<group>";
		};
		1A407C6E27B8241200656559 /* Model */ = {
			isa = PBXGroup;
			children = (
				1AFC776027B6E47200475B96 /* CharactersModel.swift */,
			);
			path = Model;
			sourceTree = "<group>";
		};
		1A407C6F27B8242A00656559 /* Application */ = {
			isa = PBXGroup;
			children = (
				1AFC774627B6CEFA00475B96 /* SceneDelegate.swift */,
				1AFC774427B6CEFA00475B96 /* AppDelegate.swift */,
			);
			path = Application;
			sourceTree = "<group>";
		};
		1A407C7027B8243800656559 /* Login */ = {
			isa = PBXGroup;
			children = (
				1A407C7227B8245300656559 /* ViewController */,
				1A407C7127B8243F00656559 /* View */,
			);
			path = Login;
			sourceTree = "<group>";
		};
		1A407C7127B8243F00656559 /* View */ = {
			isa = PBXGroup;
			children = (
				1A407C7527B824AC00656559 /* LoginViewController.storyboard */,
			);
			path = View;
			sourceTree = "<group>";
		};
		1A407C7227B8245300656559 /* ViewController */ = {
			isa = PBXGroup;
			children = (
				1A407C7327B8247800656559 /* LoginViewController.swift */,
			);
			path = ViewController;
			sourceTree = "<group>";
		};
		1A8C953827BBC13B0016AD4F /* Extensions */ = {
			isa = PBXGroup;
			children = (
				1A8C953927BBC14E0016AD4F /* Extensions.swift */,
			);
			path = Extensions;
			sourceTree = "<group>";
		};
		1AE81A2427BABCC600756476 /* Detail */ = {
			isa = PBXGroup;
			children = (
				1AE81A2627BABCD400756476 /* ViewController */,
				1AE81A2527BABCD000756476 /* View */,
			);
			path = Detail;
			sourceTree = "<group>";
		};
		1AE81A2527BABCD000756476 /* View */ = {
			isa = PBXGroup;
			children = (
				1AE81A2927BABCF400756476 /* DetailViewController.storyboard */,
			);
			path = View;
			sourceTree = "<group>";
		};
		1AE81A2627BABCD400756476 /* ViewController */ = {
			isa = PBXGroup;
			children = (
				1AE81A2727BABCE300756476 /* DetailViewController.swift */,
			);
			path = ViewController;
			sourceTree = "<group>";
		};
		1AFC773827B6CEFA00475B96 = {
			isa = PBXGroup;
			children = (
				1AFC774327B6CEFA00475B96 /* Project1 */,
				1AFC774227B6CEFA00475B96 /* Products */,
			);
			sourceTree = "<group>";
		};
		1AFC774227B6CEFA00475B96 /* Products */ = {
			isa = PBXGroup;
			children = (
				1AFC774127B6CEFA00475B96 /* Project1.app */,
			);
			name = Products;
			sourceTree = "<group>";
		};
		1AFC774327B6CEFA00475B96 /* Project1 */ = {
			isa = PBXGroup;
			children = (
				1A8C953827BBC13B0016AD4F /* Extensions */,
				1A407C6F27B8242A00656559 /* Application */,
				1A407C6A27B823C000656559 /* Screens */,
				1AFC774D27B6CEFC00475B96 /* Assets.xcassets */,
				1AFC774F27B6CEFC00475B96 /* LaunchScreen.storyboard */,
				1AFC775227B6CEFC00475B96 /* Info.plist */,
			);
			path = Project1;
			sourceTree = "<group>";
		};
/* End PBXGroup section */

/* Begin PBXNativeTarget section */
		1AFC774027B6CEFA00475B96 /* Project1 */ = {
			isa = PBXNativeTarget;
			buildConfigurationList = 1AFC775527B6CEFC00475B96 /* Build configuration list for PBXNativeTarget "Project1" */;
			buildPhases = (
				1AFC773D27B6CEFA00475B96 /* Sources */,
				1AFC773E27B6CEFA00475B96 /* Frameworks */,
				1AFC773F27B6CEFA00475B96 /* Resources */,
			);
			buildRules = (
			);
			dependencies = (
			);
			name = Project1;
			productName = Project1;
			productReference = 1AFC774127B6CEFA00475B96 /* Project1.app */;
			productType = "com.apple.product-type.application";
		};
/* End PBXNativeTarget section */

/* Begin PBXProject section */
		1AFC773927B6CEFA00475B96 /* Project object */ = {
			isa = PBXProject;
			attributes = {
				BuildIndependentTargetsInParallel = 1;
				LastSwiftUpdateCheck = 1320;
				LastUpgradeCheck = 1320;
				TargetAttributes = {
					1AFC774027B6CEFA00475B96 = {
						CreatedOnToolsVersion = 13.2.1;
					};
				};
			};
			buildConfigurationList = 1AFC773C27B6CEFA00475B96 /* Build configuration list for PBXProject "Project1" */;
			compatibilityVersion = "Xcode 13.0";
			developmentRegion = en;
			hasScannedForEncodings = 0;
			knownRegions = (
				en,
				Base,
			);
			mainGroup = 1AFC773827B6CEFA00475B96;
			productRefGroup = 1AFC774227B6CEFA00475B96 /* Products */;
			projectDirPath = "";
			projectRoot = "";
			targets = (
				1AFC774027B6CEFA00475B96 /* Project1 */,
			);
		};
/* End PBXProject section */

/* Begin PBXResourcesBuildPhase section */
		1AFC773F27B6CEFA00475B96 /* Resources */ = {
			isa = PBXResourcesBuildPhase;
			buildActionMask = 2147483647;
			files = (
				1AFC775127B6CEFC00475B96 /* LaunchScreen.storyboard in Resources */,
				1A407C7627B824AC00656559 /* LoginViewController.storyboard in Resources */,
				1AE81A2A27BABCF400756476 /* DetailViewController.storyboard in Resources */,
				1AFC774E27B6CEFC00475B96 /* Assets.xcassets in Resources */,
				1AFC775D27B6D66900475B96 /* ListViewController.storyboard in Resources */,
			);
			runOnlyForDeploymentPostprocessing = 0;
		};
/* End PBXResourcesBuildPhase section */

/* Begin PBXSourcesBuildPhase section */
		1AFC773D27B6CEFA00475B96 /* Sources */ = {
			isa = PBXSourcesBuildPhase;
			buildActionMask = 2147483647;
			files = (
				1A407C7427B8247800656559 /* LoginViewController.swift in Sources */,
				1AFC774527B6CEFA00475B96 /* AppDelegate.swift in Sources */,
				1AFC775F27B6E22100475B96 /* ListCellTableViewCell.swift in Sources */,
				1A8C953A27BBC14E0016AD4F /* Extensions.swift in Sources */,
				1AFC774727B6CEFA00475B96 /* SceneDelegate.swift in Sources */,
				1AFC776127B6E47200475B96 /* CharactersModel.swift in Sources */,
				1AFC775B27B6D36E00475B96 /* ListViewController.swift in Sources */,
				1AE81A2827BABCE300756476 /* DetailViewController.swift in Sources */,
			);
			runOnlyForDeploymentPostprocessing = 0;
		};
/* End PBXSourcesBuildPhase section */

/* Begin PBXVariantGroup section */
		1AFC774F27B6CEFC00475B96 /* LaunchScreen.storyboard */ = {
			isa = PBXVariantGroup;
			children = (
				1AFC775027B6CEFC00475B96 /* Base */,
			);
			name = LaunchScreen.storyboard;
			sourceTree = "<group>";
		};
/* End PBXVariantGroup section */

/* Begin XCBuildConfiguration section */
		1AFC775327B6CEFC00475B96 /* Debug */ = {
			isa = XCBuildConfiguration;
			buildSettings = {
				ALWAYS_SEARCH_USER_PATHS = NO;
				CLANG_ANALYZER_NONNULL = YES;
				CLANG_ANALYZER_NUMBER_OBJECT_CONVERSION = YES_AGGRESSIVE;
				CLANG_CXX_LANGUAGE_STANDARD = "gnu++17";
				CLANG_CXX_LIBRARY = "libc++";
				CLANG_ENABLE_MODULES = YES;
				CLANG_ENABLE_OBJC_ARC = YES;
				CLANG_ENABLE_OBJC_WEAK = YES;
				CLANG_WARN_BLOCK_CAPTURE_AUTORELEASING = YES;
				CLANG_WARN_BOOL_CONVERSION = YES;
				CLANG_WARN_COMMA = YES;
				CLANG_WARN_CONSTANT_CONVERSION = YES;
				CLANG_WARN_DEPRECATED_OBJC_IMPLEMENTATIONS = YES;
				CLANG_WARN_DIRECT_OBJC_ISA_USAGE = YES_ERROR;
				CLANG_WARN_DOCUMENTATION_COMMENTS = YES;
				CLANG_WARN_EMPTY_BODY = YES;
				CLANG_WARN_ENUM_CONVERSION = YES;
				CLANG_WARN_INFINITE_RECURSION = YES;
				CLANG_WARN_INT_CONVERSION = YES;
				CLANG_WARN_NON_LITERAL_NULL_CONVERSION = YES;
				CLANG_WARN_OBJC_IMPLICIT_RETAIN_SELF = YES;
				CLANG_WARN_OBJC_LITERAL_CONVERSION = YES;
				CLANG_WARN_OBJC_ROOT_CLASS = YES_ERROR;
				CLANG_WARN_QUOTED_INCLUDE_IN_FRAMEWORK_HEADER = YES;
				CLANG_WARN_RANGE_LOOP_ANALYSIS = YES;
				CLANG_WARN_STRICT_PROTOTYPES = YES;
				CLANG_WARN_SUSPICIOUS_MOVE = YES;
				CLANG_WARN_UNGUARDED_AVAILABILITY = YES_AGGRESSIVE;
				CLANG_WARN_UNREACHABLE_CODE = YES;
				CLANG_WARN__DUPLICATE_METHOD_MATCH = YES;
				COPY_PHASE_STRIP = NO;
				DEBUG_INFORMATION_FORMAT = dwarf;
				ENABLE_STRICT_OBJC_MSGSEND = YES;
				ENABLE_TESTABILITY = YES;
				GCC_C_LANGUAGE_STANDARD = gnu11;
				GCC_DYNAMIC_NO_PIC = NO;
				GCC_NO_COMMON_BLOCKS = YES;
				GCC_OPTIMIZATION_LEVEL = 0;
				GCC_PREPROCESSOR_DEFINITIONS = (
					"DEBUG=1",
					"$(inherited)",
				);
				GCC_WARN_64_TO_32_BIT_CONVERSION = YES;
				GCC_WARN_ABOUT_RETURN_TYPE = YES_ERROR;
				GCC_WARN_UNDECLARED_SELECTOR = YES;
				GCC_WARN_UNINITIALIZED_AUTOS = YES_AGGRESSIVE;
				GCC_WARN_UNUSED_FUNCTION = YES;
				GCC_WARN_UNUSED_VARIABLE = YES;
				IPHONEOS_DEPLOYMENT_TARGET = 15.2;
				MTL_ENABLE_DEBUG_INFO = INCLUDE_SOURCE;
				MTL_FAST_MATH = YES;
				ONLY_ACTIVE_ARCH = YES;
				SDKROOT = iphoneos;
				SWIFT_ACTIVE_COMPILATION_CONDITIONS = DEBUG;
				SWIFT_OPTIMIZATION_LEVEL = "-Onone";
			};
			name = Debug;
		};
		1AFC775427B6CEFC00475B96 /* Release */ = {
			isa = XCBuildConfiguration;
			buildSettings = {
				ALWAYS_SEARCH_USER_PATHS = NO;
				CLANG_ANALYZER_NONNULL = YES;
				CLANG_ANALYZER_NUMBER_OBJECT_CONVERSION = YES_AGGRESSIVE;
				CLANG_CXX_LANGUAGE_STANDARD = "gnu++17";
				CLANG_CXX_LIBRARY = "libc++";
				CLANG_ENABLE_MODULES = YES;
				CLANG_ENABLE_OBJC_ARC = YES;
				CLANG_ENABLE_OBJC_WEAK = YES;
				CLANG_WARN_BLOCK_CAPTURE_AUTORELEASING = YES;
				CLANG_WARN_BOOL_CONVERSION = YES;
				CLANG_WARN_COMMA = YES;
				CLANG_WARN_CONSTANT_CONVERSION = YES;
				CLANG_WARN_DEPRECATED_OBJC_IMPLEMENTATIONS = YES;
				CLANG_WARN_DIRECT_OBJC_ISA_USAGE = YES_ERROR;
				CLANG_WARN_DOCUMENTATION_COMMENTS = YES;
				CLANG_WARN_EMPTY_BODY = YES;
				CLANG_WARN_ENUM_CONVERSION = YES;
				CLANG_WARN_INFINITE_RECURSION = YES;
				CLANG_WARN_INT_CONVERSION = YES;
				CLANG_WARN_NON_LITERAL_NULL_CONVERSION = YES;
				CLANG_WARN_OBJC_IMPLICIT_RETAIN_SELF = YES;
				CLANG_WARN_OBJC_LITERAL_CONVERSION = YES;
				CLANG_WARN_OBJC_ROOT_CLASS = YES_ERROR;
				CLANG_WARN_QUOTED_INCLUDE_IN_FRAMEWORK_HEADER = YES;
				CLANG_WARN_RANGE_LOOP_ANALYSIS = YES;
				CLANG_WARN_STRICT_PROTOTYPES = YES;
				CLANG_WARN_SUSPICIOUS_MOVE = YES;
				CLANG_WARN_UNGUARDED_AVAILABILITY = YES_AGGRESSIVE;
				CLANG_WARN_UNREACHABLE_CODE = YES;
				CLANG_WARN__DUPLICATE_METHOD_MATCH = YES;
				COPY_PHASE_STRIP = NO;
				DEBUG_INFORMATION_FORMAT = "dwarf-with-dsym";
				ENABLE_NS_ASSERTIONS = NO;
				ENABLE_STRICT_OBJC_MSGSEND = YES;
				GCC_C_LANGUAGE_STANDARD = gnu11;
				GCC_NO_COMMON_BLOCKS = YES;
				GCC_WARN_64_TO_32_BIT_CONVERSION = YES;
				GCC_WARN_ABOUT_RETURN_TYPE = YES_ERROR;
				GCC_WARN_UNDECLARED_SELECTOR = YES;
				GCC_WARN_UNINITIALIZED_AUTOS = YES_AGGRESSIVE;
				GCC_WARN_UNUSED_FUNCTION = YES;
				GCC_WARN_UNUSED_VARIABLE = YES;
				IPHONEOS_DEPLOYMENT_TARGET = 15.2;
				MTL_ENABLE_DEBUG_INFO = NO;
				MTL_FAST_MATH = YES;
				SDKROOT = iphoneos;
				SWIFT_COMPILATION_MODE = wholemodule;
				SWIFT_OPTIMIZATION_LEVEL = "-O";
				VALIDATE_PRODUCT = YES;
			};
			name = Release;
		};
		1AFC775627B6CEFC00475B96 /* Debug */ = {
			isa = XCBuildConfiguration;
			buildSettings = {
				ASSETCATALOG_COMPILER_APPICON_NAME = AppIcon;
				ASSETCATALOG_COMPILER_GLOBAL_ACCENT_COLOR_NAME = AccentColor;
				CODE_SIGN_STYLE = Automatic;
				CURRENT_PROJECT_VERSION = 1;
				DEVELOPMENT_TEAM = 5X587S7WGV;
				GENERATE_INFOPLIST_FILE = YES;
				INFOPLIST_FILE = Project1/Info.plist;
				INFOPLIST_KEY_UIApplicationSupportsIndirectInputEvents = YES;
				INFOPLIST_KEY_UILaunchStoryboardName = LaunchScreen;
				INFOPLIST_KEY_UISupportedInterfaceOrientations_iPad = "UIInterfaceOrientationPortrait UIInterfaceOrientationPortraitUpsideDown UIInterfaceOrientationLandscapeLeft UIInterfaceOrientationLandscapeRight";
				INFOPLIST_KEY_UISupportedInterfaceOrientations_iPhone = "UIInterfaceOrientationPortrait UIInterfaceOrientationLandscapeLeft UIInterfaceOrientationLandscapeRight";
				LD_RUNPATH_SEARCH_PATHS = (
					"$(inherited)",
					"@executable_path/Frameworks",
				);
				MARKETING_VERSION = 1.0;
				PRODUCT_BUNDLE_IDENTIFIER = bitoSL.Project1;
				PRODUCT_NAME = "$(TARGET_NAME)";
				SWIFT_EMIT_LOC_STRINGS = YES;
				SWIFT_VERSION = 5.0;
				TARGETED_DEVICE_FAMILY = "1,2";
			};
			name = Debug;
		};
		1AFC775727B6CEFC00475B96 /* Release */ = {
			isa = XCBuildConfiguration;
			buildSettings = {
				ASSETCATALOG_COMPILER_APPICON_NAME = AppIcon;
				ASSETCATALOG_COMPILER_GLOBAL_ACCENT_COLOR_NAME = AccentColor;
				CODE_SIGN_STYLE = Automatic;
				CURRENT_PROJECT_VERSION = 1;
				DEVELOPMENT_TEAM = 5X587S7WGV;
				GENERATE_INFOPLIST_FILE = YES;
				INFOPLIST_FILE = Project1/Info.plist;
				INFOPLIST_KEY_UIApplicationSupportsIndirectInputEvents = YES;
				INFOPLIST_KEY_UILaunchStoryboardName = LaunchScreen;
				INFOPLIST_KEY_UISupportedInterfaceOrientations_iPad = "UIInterfaceOrientationPortrait UIInterfaceOrientationPortraitUpsideDown UIInterfaceOrientationLandscapeLeft UIInterfaceOrientationLandscapeRight";
				INFOPLIST_KEY_UISupportedInterfaceOrientations_iPhone = "UIInterfaceOrientationPortrait UIInterfaceOrientationLandscapeLeft UIInterfaceOrientationLandscapeRight";
				LD_RUNPATH_SEARCH_PATHS = (
					"$(inherited)",
					"@executable_path/Frameworks",
				);
				MARKETING_VERSION = 1.0;
				PRODUCT_BUNDLE_IDENTIFIER = bitoSL.Project1;
				PRODUCT_NAME = "$(TARGET_NAME)";
				SWIFT_EMIT_LOC_STRINGS = YES;
				SWIFT_VERSION = 5.0;
				TARGETED_DEVICE_FAMILY = "1,2";
			};
			name = Release;
		};
/* End XCBuildConfiguration section */

/* Begin XCConfigurationList section */
		1AFC773C27B6CEFA00475B96 /* Build configuration list for PBXProject "Project1" */ = {
			isa = XCConfigurationList;
			buildConfigurations = (
				1AFC775327B6CEFC00475B96 /* Debug */,
				1AFC775427B6CEFC00475B96 /* Release */,
			);
			defaultConfigurationIsVisible = 0;
			defaultConfigurationName = Release;
		};
		1AFC775527B6CEFC00475B96 /* Build configuration list for PBXNativeTarget "Project1" */ = {
			isa = XCConfigurationList;
			buildConfigurations = (
				1AFC775627B6CEFC00475B96 /* Debug */,
				1AFC775727B6CEFC00475B96 /* Release */,
			);
			defaultConfigurationIsVisible = 0;
			defaultConfigurationName = Release;
		};
/* End XCConfigurationList section */
	};
	rootObject = 1AFC773927B6CEFA00475B96 /* Project object */;
}
